PODS:
  - objective-zip (1.0.5)
  - PiWebMeshModel (0.1.0):
    - objective-zip (~> 1.0)

DEPENDENCIES:
  - objective-zip (~> 1.0)
  - PiWebMeshModel (from `../`)

SPEC REPOS:
  https://github.com/CocoaPods/Specs.git:
    - objective-zip

EXTERNAL SOURCES:
  PiWebMeshModel:
    :path: "../"

SPEC CHECKSUMS:
  objective-zip: 41b1408cebffceb6b9d15ad691506707e390d359
  PiWebMeshModel: a3661f9ad31cbeef5438d661b43c940bbb466f78

PODFILE CHECKSUM: c4dda1cdf05bc47b17ab61f4b57598549a28f7c0

COCOAPODS: 1.5.0
